
Microsoft Visual Studio Solution File, Format Version 12.00
# Visual Studio Version 16
VisualStudioVersion = 16.0.32228.343
MinimumVisualStudioVersion = 10.0.40219.1
Project("{FAE04EC0-301F-11D3-BF4B-00C04F79EFBC}") = "FormModern", "FormModern\FormModern.csproj", "{66D2FB04-FEEE-4DB9-8947-4288C5CCC07D}"
EndProject
Global
	GlobalSection(SolutionConfigurationPlatforms) = preSolution
		Debug|Any CPU = Debug|Any CPU
		Release|Any CPU = Release|Any CPU
	EndGlobalSection
	GlobalSection(ProjectConfigurationPlatforms) = postSolution
		{66D2FB04-FEEE-4DB9-8947-4288C5CCC07D}.Debug|Any CPU.ActiveCfg = Debug|Any CPU
		{66D2FB04-FEEE-4DB9-8947-4288C5CCC07D}.Debug|Any CPU.Build.0 = Debug|Any CPU
		{66D2FB04-FEEE-4DB9-8947-4288C5CCC07D}.Release|Any CPU.ActiveCfg = Release|Any CPU
		{66D2FB04-FEEE-4DB9-8947-4288C5CCC07D}.Release|Any CPU.Build.0 = Release|Any CPU
	EndGlobalSection
	GlobalSection(SolutionProperties) = preSolution
		HideSolutionNode = FALSE
	EndGlobalSection
	GlobalSection(ExtensibilityGlobals) = postSolution
		SolutionGuid = {22DA939F-7008-4AE3-9618-F4752127A76A}
	EndGlobalSection
EndGlobal
